
Microsoft Visual Studio Solution File, Format Version 12.00
# Visual Studio Version 16
VisualStudioVersion = 16.0.30503.244
MinimumVisualStudioVersion = 10.0.40219.1
Project("{FAE04EC0-301F-11D3-BF4B-00C04F79EFBC}") = "WebApplication2", "WebApplication2\WebApplication2.csproj", "{C713A9DE-BBCF-49CC-8D4F-E0B168FF5C26}"
EndProject
Project("{FAE04EC0-301F-11D3-BF4B-00C04F79EFBC}") = "ShoppingDataAccessLayer", "ShoppingDataAccessLayer\ShoppingDataAccessLayer.csproj", "{DA70390B-ED58-450F-B2A8-D6B76FA32849}"
EndProject
Global
	GlobalSection(SolutionConfigurationPlatforms) = preSolution
		Debug|Any CPU = Debug|Any CPU
		Release|Any CPU = Release|Any CPU
	EndGlobalSection
	GlobalSection(ProjectConfigurationPlatforms) = postSolution
		{C713A9DE-BBCF-49CC-8D4F-E0B168FF5C26}.Debug|Any CPU.ActiveCfg = Debug|Any CPU
		{C713A9DE-BBCF-49CC-8D4F-E0B168FF5C26}.Debug|Any CPU.Build.0 = Debug|Any CPU
		{C713A9DE-BBCF-49CC-8D4F-E0B168FF5C26}.Release|Any CPU.ActiveCfg = Release|Any CPU
		{C713A9DE-BBCF-49CC-8D4F-E0B168FF5C26}.Release|Any CPU.Build.0 = Release|Any CPU
		{DA70390B-ED58-450F-B2A8-D6B76FA32849}.Debug|Any CPU.ActiveCfg = Debug|Any CPU
		{DA70390B-ED58-450F-B2A8-D6B76FA32849}.Debug|Any CPU.Build.0 = Debug|Any CPU
		{DA70390B-ED58-450F-B2A8-D6B76FA32849}.Release|Any CPU.ActiveCfg = Release|Any CPU
		{DA70390B-ED58-450F-B2A8-D6B76FA32849}.Release|Any CPU.Build.0 = Release|Any CPU
	EndGlobalSection
	GlobalSection(SolutionProperties) = preSolution
		HideSolutionNode = FALSE
	EndGlobalSection
	GlobalSection(ExtensibilityGlobals) = postSolution
		SolutionGuid = {2DE3B3AA-2FCE-43C1-880C-124AC1F4EC21}
	EndGlobalSection
EndGlobal
